
Microsoft Visual Studio Solution File, Format Version 12.00
# Visual Studio Version 17
VisualStudioVersion = 17.11.35303.130
MinimumVisualStudioVersion = 10.0.40219.1
Project("{FAE04EC0-301F-11D3-BF4B-00C04F79EFBC}") = "Nieto-Sergio-A2-Drawing", "Nieto-Sergio-A2-Drawing\Nieto-Sergio-A2-Drawing.csproj", "{88677729-1D2F-4CBA-87AE-FD562E69BD15}"
EndProject
Global
	GlobalSection(SolutionConfigurationPlatforms) = preSolution
		Debug|Any CPU = Debug|Any CPU
		Release|Any CPU = Release|Any CPU
	EndGlobalSection
	GlobalSection(ProjectConfigurationPlatforms) = postSolution
		{88677729-1D2F-4CBA-87AE-FD562E69BD15}.Debug|Any CPU.ActiveCfg = Debug|Any CPU
		{88677729-1D2F-4CBA-87AE-FD562E69BD15}.Debug|Any CPU.Build.0 = Debug|Any CPU
		{88677729-1D2F-4CBA-87AE-FD562E69BD15}.Release|Any CPU.ActiveCfg = Release|Any CPU
		{88677729-1D2F-4CBA-87AE-FD562E69BD15}.Release|Any CPU.Build.0 = Release|Any CPU
	EndGlobalSection
	GlobalSection(SolutionProperties) = preSolution
		HideSolutionNode = FALSE
	EndGlobalSection
	GlobalSection(ExtensibilityGlobals) = postSolution
		SolutionGuid = {BBB2AED9-AA27-422E-AB76-DD1B5B26585E}
	EndGlobalSection
EndGlobal
